// !$*UTF8*$!
{
	archiveVersion = 1;
	classes = {
	};
	objectVersion = 46;
	objects = {

/* Begin PBXBuildFile section */
		A7F0AB1A1BF55FDE00D8CADC /* AppDelegate.swift in Sources */ = {isa = PBXBuildFile; fileRef = A7F0AB191BF55FDE00D8CADC /* AppDelegate.swift */; };
		A7F0AB1C1BF55FDE00D8CADC /* ViewController.swift in Sources */ = {isa = PBXBuildFile; fileRef = A7F0AB1B1BF55FDE00D8CADC /* ViewController.swift */; };
		A7F0AB1F1BF55FDE00D8CADC /* Main.storyboard in Resources */ = {isa = PBXBuildFile; fileRef = A7F0AB1D1BF55FDE00D8CADC /* Main.storyboard */; };
		A7F0AB211BF55FDE00D8CADC /* Assets.xcassets in Resources */ = {isa = PBXBuildFile; fileRef = A7F0AB201BF55FDE00D8CADC /* Assets.xcassets */; };
		A7F0AB241BF55FDE00D8CADC /* LaunchScreen.storyboard in Resources */ = {isa = PBXBuildFile; fileRef = A7F0AB221BF55FDE00D8CADC /* LaunchScreen.storyboard */; };
		A7F0AB2F1BF55FDE00D8CADC /* meanPracTests.swift in Sources */ = {isa = PBXBuildFile; fileRef = A7F0AB2E1BF55FDE00D8CADC /* meanPracTests.swift */; };
		A7F0AB3A1BF55FDE00D8CADC /* meanPracUITests.swift in Sources */ = {isa = PBXBuildFile; fileRef = A7F0AB391BF55FDE00D8CADC /* meanPracUITests.swift */; };
		A7F0AB5B1BF561E300D8CADC /* SocketAckEmitter.swift in Sources */ = {isa = PBXBuildFile; fileRef = A7F0AB481BF561E300D8CADC /* SocketAckEmitter.swift */; };
		A7F0AB5C1BF561E300D8CADC /* SocketAckManager.swift in Sources */ = {isa = PBXBuildFile; fileRef = A7F0AB491BF561E300D8CADC /* SocketAckManager.swift */; };
		A7F0AB5D1BF561E300D8CADC /* SocketAnyEvent.swift in Sources */ = {isa = PBXBuildFile; fileRef = A7F0AB4A1BF561E300D8CADC /* SocketAnyEvent.swift */; };
		A7F0AB5E1BF561E300D8CADC /* SocketEngine.swift in Sources */ = {isa = PBXBuildFile; fileRef = A7F0AB4B1BF561E300D8CADC /* SocketEngine.swift */; };
		A7F0AB5F1BF561E300D8CADC /* SocketEngineClient.swift in Sources */ = {isa = PBXBuildFile; fileRef = A7F0AB4C1BF561E300D8CADC /* SocketEngineClient.swift */; };
		A7F0AB601BF561E300D8CADC /* SocketEnginePacketType.swift in Sources */ = {isa = PBXBuildFile; fileRef = A7F0AB4D1BF561E300D8CADC /* SocketEnginePacketType.swift */; };
		A7F0AB611BF561E300D8CADC /* SocketEngineSpec.swift in Sources */ = {isa = PBXBuildFile; fileRef = A7F0AB4E1BF561E300D8CADC /* SocketEngineSpec.swift */; };
		A7F0AB621BF561E300D8CADC /* SocketEventHandler.swift in Sources */ = {isa = PBXBuildFile; fileRef = A7F0AB4F1BF561E300D8CADC /* SocketEventHandler.swift */; };
		A7F0AB631BF561E300D8CADC /* SocketFixUTF8.swift in Sources */ = {isa = PBXBuildFile; fileRef = A7F0AB501BF561E300D8CADC /* SocketFixUTF8.swift */; };
		A7F0AB641BF561E300D8CADC /* SocketIOClient.swift in Sources */ = {isa = PBXBuildFile; fileRef = A7F0AB511BF561E300D8CADC /* SocketIOClient.swift */; };
		A7F0AB651BF561E300D8CADC /* SocketIOClientOption.swift in Sources */ = {isa = PBXBuildFile; fileRef = A7F0AB521BF561E300D8CADC /* SocketIOClientOption.swift */; };
		A7F0AB661BF561E300D8CADC /* SocketIOClientStatus.swift in Sources */ = {isa = PBXBuildFile; fileRef = A7F0AB531BF561E300D8CADC /* SocketIOClientStatus.swift */; };
		A7F0AB671BF561E300D8CADC /* SocketLogger.swift in Sources */ = {isa = PBXBuildFile; fileRef = A7F0AB541BF561E300D8CADC /* SocketLogger.swift */; };
		A7F0AB681BF561E300D8CADC /* SocketPacket.swift in Sources */ = {isa = PBXBuildFile; fileRef = A7F0AB551BF561E300D8CADC /* SocketPacket.swift */; };
		A7F0AB691BF561E300D8CADC /* SocketParser.swift in Sources */ = {isa = PBXBuildFile; fileRef = A7F0AB561BF561E300D8CADC /* SocketParser.swift */; };
		A7F0AB6A1BF561E300D8CADC /* SocketStringReader.swift in Sources */ = {isa = PBXBuildFile; fileRef = A7F0AB571BF561E300D8CADC /* SocketStringReader.swift */; };
		A7F0AB6B1BF561E300D8CADC /* SocketTypes.swift in Sources */ = {isa = PBXBuildFile; fileRef = A7F0AB581BF561E300D8CADC /* SocketTypes.swift */; };
		A7F0AB6C1BF561E300D8CADC /* SwiftRegex.swift in Sources */ = {isa = PBXBuildFile; fileRef = A7F0AB591BF561E300D8CADC /* SwiftRegex.swift */; };
		A7F0AB6D1BF561E300D8CADC /* WebSocket.swift in Sources */ = {isa = PBXBuildFile; fileRef = A7F0AB5A1BF561E300D8CADC /* WebSocket.swift */; };
/* End PBXBuildFile section */

/* Begin PBXContainerItemProxy section */
		A7F0AB2B1BF55FDE00D8CADC /* PBXContainerItemProxy */ = {
			isa = PBXContainerItemProxy;
			containerPortal = A7F0AB0E1BF55FDE00D8CADC /* Project object */;
			proxyType = 1;
			remoteGlobalIDString = A7F0AB151BF55FDE00D8CADC;
			remoteInfo = meanPrac;
		};
		A7F0AB361BF55FDE00D8CADC /* PBXContainerItemProxy */ = {
			isa = PBXContainerItemProxy;
			containerPortal = A7F0AB0E1BF55FDE00D8CADC /* Project object */;
			proxyType = 1;
			remoteGlobalIDString = A7F0AB151BF55FDE00D8CADC;
			remoteInfo = meanPrac;
		};
/* End PBXContainerItemProxy section */

/* Begin PBXFileReference section */
		A7F0AB161BF55FDE00D8CADC /* meanPrac.app */ = {isa = PBXFileReference; explicitFileType = wrapper.application; includeInIndex = 0; path = meanPrac.app; sourceTree = BUILT_PRODUCTS_DIR; };
		A7F0AB191BF55FDE00D8CADC /* AppDelegate.swift */ = {isa = PBXFileReference; lastKnownFileType = sourcecode.swift; path = AppDelegate.swift; sourceTree = "<group>"; };
		A7F0AB1B1BF55FDE00D8CADC /* ViewController.swift */ = {isa = PBXFileReference; lastKnownFileType = sourcecode.swift; path = ViewController.swift; sourceTree = "<group>"; };
		A7F0AB1E1BF55FDE00D8CADC /* Base */ = {isa = PBXFileReference; lastKnownFileType = file.storyboard; name = Base; path = Base.lproj/Main.storyboard; sourceTree = "<group>"; };
		A7F0AB201BF55FDE00D8CADC /* Assets.xcassets */ = {isa = PBXFileReference; lastKnownFileType = folder.assetcatalog; path = Assets.xcassets; sourceTree = "<group>"; };
		A7F0AB231BF55FDE00D8CADC /* Base */ = {isa = PBXFileReference; lastKnownFileType = file.storyboard; name = Base; path = Base.lproj/LaunchScreen.storyboard; sourceTree = "<group>"; };
		A7F0AB251BF55FDE00D8CADC /* Info.plist */ = {isa = PBXFileReference; lastKnownFileType = text.plist.xml; path = Info.plist; sourceTree = "<group>"; };
		A7F0AB2A1BF55FDE00D8CADC /* meanPracTests.xctest */ = {isa = PBXFileReference; explicitFileType = wrapper.cfbundle; includeInIndex = 0; path = meanPracTests.xctest; sourceTree = BUILT_PRODUCTS_DIR; };
		A7F0AB2E1BF55FDE00D8CADC /* meanPracTests.swift */ = {isa = PBXFileReference; lastKnownFileType = sourcecode.swift; path = meanPracTests.swift; sourceTree = "<group>"; };
		A7F0AB301BF55FDE00D8CADC /* Info.plist */ = {isa = PBXFileReference; lastKnownFileType = text.plist.xml; path = Info.plist; sourceTree = "<group>"; };
		A7F0AB351BF55FDE00D8CADC /* meanPracUITests.xctest */ = {isa = PBXFileReference; explicitFileType = wrapper.cfbundle; includeInIndex = 0; path = meanPracUITests.xctest; sourceTree = BUILT_PRODUCTS_DIR; };
		A7F0AB391BF55FDE00D8CADC /* meanPracUITests.swift */ = {isa = PBXFileReference; lastKnownFileType = sourcecode.swift; path = meanPracUITests.swift; sourceTree = "<group>"; };
		A7F0AB3B1BF55FDE00D8CADC /* Info.plist */ = {isa = PBXFileReference; lastKnownFileType = text.plist.xml; path = Info.plist; sourceTree = "<group>"; };
		A7F0AB481BF561E300D8CADC /* SocketAckEmitter.swift */ = {isa = PBXFileReference; fileEncoding = 4; lastKnownFileType = sourcecode.swift; name = SocketAckEmitter.swift; path = "../../Socket.IO-Client-Swift/SocketIOClientSwift/SocketAckEmitter.swift"; sourceTree = "<group>"; };
		A7F0AB491BF561E300D8CADC /* SocketAckManager.swift */ = {isa = PBXFileReference; fileEncoding = 4; lastKnownFileType = sourcecode.swift; name = SocketAckManager.swift; path = "../../Socket.IO-Client-Swift/SocketIOClientSwift/SocketAckManager.swift"; sourceTree = "<group>"; };
		A7F0AB4A1BF561E300D8CADC /* SocketAnyEvent.swift */ = {isa = PBXFileReference; fileEncoding = 4; lastKnownFileType = sourcecode.swift; name = SocketAnyEvent.swift; path = "../../Socket.IO-Client-Swift/SocketIOClientSwift/SocketAnyEvent.swift"; sourceTree = "<group>"; };
		A7F0AB4B1BF561E300D8CADC /* SocketEngine.swift */ = {isa = PBXFileReference; fileEncoding = 4; lastKnownFileType = sourcecode.swift; name = SocketEngine.swift; path = "../../Socket.IO-Client-Swift/SocketIOClientSwift/SocketEngine.swift"; sourceTree = "<group>"; };
		A7F0AB4C1BF561E300D8CADC /* SocketEngineClient.swift */ = {isa = PBXFileReference; fileEncoding = 4; lastKnownFileType = sourcecode.swift; name = SocketEngineClient.swift; path = "../../Socket.IO-Client-Swift/SocketIOClientSwift/SocketEngineClient.swift"; sourceTree = "<group>"; };
		A7F0AB4D1BF561E300D8CADC /* SocketEnginePacketType.swift */ = {isa = PBXFileReference; fileEncoding = 4; lastKnownFileType = sourcecode.swift; name = SocketEnginePacketType.swift; path = "../../Socket.IO-Client-Swift/SocketIOClientSwift/SocketEnginePacketType.swift"; sourceTree = "<group>"; };
		A7F0AB4E1BF561E300D8CADC /* SocketEngineSpec.swift */ = {isa = PBXFileReference; fileEncoding = 4; lastKnownFileType = sourcecode.swift; name = SocketEngineSpec.swift; path = "../../Socket.IO-Client-Swift/SocketIOClientSwift/SocketEngineSpec.swift"; sourceTree = "<group>"; };
		A7F0AB4F1BF561E300D8CADC /* SocketEventHandler.swift */ = {isa = PBXFileReference; fileEncoding = 4; lastKnownFileType = sourcecode.swift; name = SocketEventHandler.swift; path = "../../Socket.IO-Client-Swift/SocketIOClientSwift/SocketEventHandler.swift"; sourceTree = "<group>"; };
		A7F0AB501BF561E300D8CADC /* SocketFixUTF8.swift */ = {isa = PBXFileReference; fileEncoding = 4; lastKnownFileType = sourcecode.swift; name = SocketFixUTF8.swift; path = "../../Socket.IO-Client-Swift/SocketIOClientSwift/SocketFixUTF8.swift"; sourceTree = "<group>"; };
		A7F0AB511BF561E300D8CADC /* SocketIOClient.swift */ = {isa = PBXFileReference; fileEncoding = 4; lastKnownFileType = sourcecode.swift; name = SocketIOClient.swift; path = "../../Socket.IO-Client-Swift/SocketIOClientSwift/SocketIOClient.swift"; sourceTree = "<group>"; };
		A7F0AB521BF561E300D8CADC /* SocketIOClientOption.swift */ = {isa = PBXFileReference; fileEncoding = 4; lastKnownFileType = sourcecode.swift; name = SocketIOClientOption.swift; path = "../../Socket.IO-Client-Swift/SocketIOClientSwift/SocketIOClientOption.swift"; sourceTree = "<group>"; };
		A7F0AB531BF561E300D8CADC /* SocketIOClientStatus.swift */ = {isa = PBXFileReference; fileEncoding = 4; lastKnownFileType = sourcecode.swift; name = SocketIOClientStatus.swift; path = "../../Socket.IO-Client-Swift/SocketIOClientSwift/SocketIOClientStatus.swift"; sourceTree = "<group>"; };
		A7F0AB541BF561E300D8CADC /* SocketLogger.swift */ = {isa = PBXFileReference; fileEncoding = 4; lastKnownFileType = sourcecode.swift; name = SocketLogger.swift; path = "../../Socket.IO-Client-Swift/SocketIOClientSwift/SocketLogger.swift"; sourceTree = "<group>"; };
		A7F0AB551BF561E300D8CADC /* SocketPacket.swift */ = {isa = PBXFileReference; fileEncoding = 4; lastKnownFileType = sourcecode.swift; name = SocketPacket.swift; path = "../../Socket.IO-Client-Swift/SocketIOClientSwift/SocketPacket.swift"; sourceTree = "<group>"; };
		A7F0AB561BF561E300D8CADC /* SocketParser.swift */ = {isa = PBXFileReference; fileEncoding = 4; lastKnownFileType = sourcecode.swift; name = SocketParser.swift; path = "../../Socket.IO-Client-Swift/SocketIOClientSwift/SocketParser.swift"; sourceTree = "<group>"; };
		A7F0AB571BF561E300D8CADC /* SocketStringReader.swift */ = {isa = PBXFileReference; fileEncoding = 4; lastKnownFileType = sourcecode.swift; name = SocketStringReader.swift; path = "../../Socket.IO-Client-Swift/SocketIOClientSwift/SocketStringReader.swift"; sourceTree = "<group>"; };
		A7F0AB581BF561E300D8CADC /* SocketTypes.swift */ = {isa = PBXFileReference; fileEncoding = 4; lastKnownFileType = sourcecode.swift; name = SocketTypes.swift; path = "../../Socket.IO-Client-Swift/SocketIOClientSwift/SocketTypes.swift"; sourceTree = "<group>"; };
		A7F0AB591BF561E300D8CADC /* SwiftRegex.swift */ = {isa = PBXFileReference; fileEncoding = 4; lastKnownFileType = sourcecode.swift; name = SwiftRegex.swift; path = "../../Socket.IO-Client-Swift/SocketIOClientSwift/SwiftRegex.swift"; sourceTree = "<group>"; };
		A7F0AB5A1BF561E300D8CADC /* WebSocket.swift */ = {isa = PBXFileReference; fileEncoding = 4; lastKnownFileType = sourcecode.swift; name = WebSocket.swift; path = "../../Socket.IO-Client-Swift/SocketIOClientSwift/WebSocket.swift"; sourceTree = "<group>"; };
/* End PBXFileReference section */

/* Begin PBXFrameworksBuildPhase section */
		A7F0AB131BF55FDE00D8CADC /* Frameworks */ = {
			isa = PBXFrameworksBuildPhase;
			buildActionMask = 2147483647;
			files = (
			);
			runOnlyForDeploymentPostprocessing = 0;
		};
		A7F0AB271BF55FDE00D8CADC /* Frameworks */ = {
			isa = PBXFrameworksBuildPhase;
			buildActionMask = 2147483647;
			files = (
			);
			runOnlyForDeploymentPostprocessing = 0;
		};
		A7F0AB321BF55FDE00D8CADC /* Frameworks */ = {
			isa = PBXFrameworksBuildPhase;
			buildActionMask = 2147483647;
			files = (
			);
			runOnlyForDeploymentPostprocessing = 0;
		};
/* End PBXFrameworksBuildPhase section */

/* Begin PBXGroup section */
		A7F0AB0D1BF55FDE00D8CADC = {
			isa = PBXGroup;
			children = (
				A7F0AB181BF55FDE00D8CADC /* meanPrac */,
				A7F0AB2D1BF55FDE00D8CADC /* meanPracTests */,
				A7F0AB381BF55FDE00D8CADC /* meanPracUITests */,
				A7F0AB171BF55FDE00D8CADC /* Products */,
			);
			sourceTree = "<group>";
		};
		A7F0AB171BF55FDE00D8CADC /* Products */ = {
			isa = PBXGroup;
			children = (
				A7F0AB161BF55FDE00D8CADC /* meanPrac.app */,
				A7F0AB2A1BF55FDE00D8CADC /* meanPracTests.xctest */,
				A7F0AB351BF55FDE00D8CADC /* meanPracUITests.xctest */,
			);
			name = Products;
			sourceTree = "<group>";
		};
		A7F0AB181BF55FDE00D8CADC /* meanPrac */ = {
			isa = PBXGroup;
			children = (
				A7F0AB471BF561AD00D8CADC /* SocketIO */,
				A7F0AB191BF55FDE00D8CADC /* AppDelegate.swift */,
				A7F0AB1B1BF55FDE00D8CADC /* ViewController.swift */,
				A7F0AB1D1BF55FDE00D8CADC /* Main.storyboard */,
				A7F0AB201BF55FDE00D8CADC /* Assets.xcassets */,
				A7F0AB221BF55FDE00D8CADC /* LaunchScreen.storyboard */,
				A7F0AB251BF55FDE00D8CADC /* Info.plist */,
			);
			path = meanPrac;
			sourceTree = "<group>";
		};
		A7F0AB2D1BF55FDE00D8CADC /* meanPracTests */ = {
			isa = PBXGroup;
			children = (
				A7F0AB2E1BF55FDE00D8CADC /* meanPracTests.swift */,
				A7F0AB301BF55FDE00D8CADC /* Info.plist */,
			);
			path = meanPracTests;
			sourceTree = "<group>";
		};
		A7F0AB381BF55FDE00D8CADC /* meanPracUITests */ = {
			isa = PBXGroup;
			children = (
				A7F0AB391BF55FDE00D8CADC /* meanPracUITests.swift */,
				A7F0AB3B1BF55FDE00D8CADC /* Info.plist */,
			);
			path = meanPracUITests;
			sourceTree = "<group>";
		};
		A7F0AB471BF561AD00D8CADC /* SocketIO */ = {
			isa = PBXGroup;
			children = (
				A7F0AB481BF561E300D8CADC /* SocketAckEmitter.swift */,
				A7F0AB491BF561E300D8CADC /* SocketAckManager.swift */,
				A7F0AB4A1BF561E300D8CADC /* SocketAnyEvent.swift */,
				A7F0AB4B1BF561E300D8CADC /* SocketEngine.swift */,
				A7F0AB4C1BF561E300D8CADC /* SocketEngineClient.swift */,
				A7F0AB4D1BF561E300D8CADC /* SocketEnginePacketType.swift */,
				A7F0AB4E1BF561E300D8CADC /* SocketEngineSpec.swift */,
				A7F0AB4F1BF561E300D8CADC /* SocketEventHandler.swift */,
				A7F0AB501BF561E300D8CADC /* SocketFixUTF8.swift */,
				A7F0AB511BF561E300D8CADC /* SocketIOClient.swift */,
				A7F0AB521BF561E300D8CADC /* SocketIOClientOption.swift */,
				A7F0AB531BF561E300D8CADC /* SocketIOClientStatus.swift */,
				A7F0AB541BF561E300D8CADC /* SocketLogger.swift */,
				A7F0AB551BF561E300D8CADC /* SocketPacket.swift */,
				A7F0AB561BF561E300D8CADC /* SocketParser.swift */,
				A7F0AB571BF561E300D8CADC /* SocketStringReader.swift */,
				A7F0AB581BF561E300D8CADC /* SocketTypes.swift */,
				A7F0AB591BF561E300D8CADC /* SwiftRegex.swift */,
				A7F0AB5A1BF561E300D8CADC /* WebSocket.swift */,
			);
			name = SocketIO;
			sourceTree = "<group>";
		};
/* End PBXGroup section */

/* Begin PBXNativeTarget section */
		A7F0AB151BF55FDE00D8CADC /* meanPrac */ = {
			isa = PBXNativeTarget;
			buildConfigurationList = A7F0AB3E1BF55FDE00D8CADC /* Build configuration list for PBXNativeTarget "meanPrac" */;
			buildPhases = (
				A7F0AB121BF55FDE00D8CADC /* Sources */,
				A7F0AB131BF55FDE00D8CADC /* Frameworks */,
				A7F0AB141BF55FDE00D8CADC /* Resources */,
			);
			buildRules = (
			);
			dependencies = (
			);
			name = meanPrac;
			productName = meanPrac;
			productReference = A7F0AB161BF55FDE00D8CADC /* meanPrac.app */;
			productType = "com.apple.product-type.application";
		};
		A7F0AB291BF55FDE00D8CADC /* meanPracTests */ = {
			isa = PBXNativeTarget;
			buildConfigurationList = A7F0AB411BF55FDE00D8CADC /* Build configuration list for PBXNativeTarget "meanPracTests" */;
			buildPhases = (
				A7F0AB261BF55FDE00D8CADC /* Sources */,
				A7F0AB271BF55FDE00D8CADC /* Frameworks */,
				A7F0AB281BF55FDE00D8CADC /* Resources */,
			);
			buildRules = (
			);
			dependencies = (
				A7F0AB2C1BF55FDE00D8CADC /* PBXTargetDependency */,
			);
			name = meanPracTests;
			productName = meanPracTests;
			productReference = A7F0AB2A1BF55FDE00D8CADC /* meanPracTests.xctest */;
			productType = "com.apple.product-type.bundle.unit-test";
		};
		A7F0AB341BF55FDE00D8CADC /* meanPracUITests */ = {
			isa = PBXNativeTarget;
			buildConfigurationList = A7F0AB441BF55FDE00D8CADC /* Build configuration list for PBXNativeTarget "meanPracUITests" */;
			buildPhases = (
				A7F0AB311BF55FDE00D8CADC /* Sources */,
				A7F0AB321BF55FDE00D8CADC /* Frameworks */,
				A7F0AB331BF55FDE00D8CADC /* Resources */,
			);
			buildRules = (
			);
			dependencies = (
				A7F0AB371BF55FDE00D8CADC /* PBXTargetDependency */,
			);
			name = meanPracUITests;
			productName = meanPracUITests;
			productReference = A7F0AB351BF55FDE00D8CADC /* meanPracUITests.xctest */;
			productType = "com.apple.product-type.bundle.ui-testing";
		};
/* End PBXNativeTarget section */

/* Begin PBXProject section */
		A7F0AB0E1BF55FDE00D8CADC /* Project object */ = {
			isa = PBXProject;
			attributes = {
				LastSwiftUpdateCheck = 0710;
				LastUpgradeCheck = 0710;
				ORGANIZATIONNAME = "Sung Kang";
				TargetAttributes = {
					A7F0AB151BF55FDE00D8CADC = {
						CreatedOnToolsVersion = 7.1;
						DevelopmentTeam = HJFB9K8YWU;
					};
					A7F0AB291BF55FDE00D8CADC = {
						CreatedOnToolsVersion = 7.1;
						DevelopmentTeam = HJFB9K8YWU;
						TestTargetID = A7F0AB151BF55FDE00D8CADC;
					};
					A7F0AB341BF55FDE00D8CADC = {
						CreatedOnToolsVersion = 7.1;
						DevelopmentTeam = HJFB9K8YWU;
						TestTargetID = A7F0AB151BF55FDE00D8CADC;
					};
				};
			};
			buildConfigurationList = A7F0AB111BF55FDE00D8CADC /* Build configuration list for PBXProject "meanPrac" */;
			compatibilityVersion = "Xcode 3.2";
			developmentRegion = English;
			hasScannedForEncodings = 0;
			knownRegions = (
				en,
				Base,
			);
			mainGroup = A7F0AB0D1BF55FDE00D8CADC;
			productRefGroup = A7F0AB171BF55FDE00D8CADC /* Products */;
			projectDirPath = "";
			projectRoot = "";
			targets = (
				A7F0AB151BF55FDE00D8CADC /* meanPrac */,
				A7F0AB291BF55FDE00D8CADC /* meanPracTests */,
				A7F0AB341BF55FDE00D8CADC /* meanPracUITests */,
			);
		};
/* End PBXProject section */

/* Begin PBXResourcesBuildPhase section */
		A7F0AB141BF55FDE00D8CADC /* Resources */ = {
			isa = PBXResourcesBuildPhase;
			buildActionMask = 2147483647;
			files = (
				A7F0AB241BF55FDE00D8CADC /* LaunchScreen.storyboard in Resources */,
				A7F0AB211BF55FDE00D8CADC /* Assets.xcassets in Resources */,
				A7F0AB1F1BF55FDE00D8CADC /* Main.storyboard in Resources */,
			);
			runOnlyForDeploymentPostprocessing = 0;
		};
		A7F0AB281BF55FDE00D8CADC /* Resources */ = {
			isa = PBXResourcesBuildPhase;
			buildActionMask = 2147483647;
			files = (
			);
			runOnlyForDeploymentPostprocessing = 0;
		};
		A7F0AB331BF55FDE00D8CADC /* Resources */ = {
			isa = PBXResourcesBuildPhase;
			buildActionMask = 2147483647;
			files = (
			);
			runOnlyForDeploymentPostprocessing = 0;
		};
/* End PBXResourcesBuildPhase section */

/* Begin PBXSourcesBuildPhase section */
		A7F0AB121BF55FDE00D8CADC /* Sources */ = {
			isa = PBXSourcesBuildPhase;
			buildActionMask = 2147483647;
			files = (
				A7F0AB601BF561E300D8CADC /* SocketEnginePacketType.swift in Sources */,
				A7F0AB5F1BF561E300D8CADC /* SocketEngineClient.swift in Sources */,
				A7F0AB631BF561E300D8CADC /* SocketFixUTF8.swift in Sources */,
				A7F0AB641BF561E300D8CADC /* SocketIOClient.swift in Sources */,
				A7F0AB691BF561E300D8CADC /* SocketParser.swift in Sources */,
				A7F0AB621BF561E300D8CADC /* SocketEventHandler.swift in Sources */,
				A7F0AB6A1BF561E300D8CADC /* SocketStringReader.swift in Sources */,
				A7F0AB6C1BF561E300D8CADC /* SwiftRegex.swift in Sources */,
				A7F0AB5E1BF561E300D8CADC /* SocketEngine.swift in Sources */,
				A7F0AB611BF561E300D8CADC /* SocketEngineSpec.swift in Sources */,
				A7F0AB5D1BF561E300D8CADC /* SocketAnyEvent.swift in Sources */,
				A7F0AB5C1BF561E300D8CADC /* SocketAckManager.swift in Sources */,
				A7F0AB661BF561E300D8CADC /* SocketIOClientStatus.swift in Sources */,
				A7F0AB6D1BF561E300D8CADC /* WebSocket.swift in Sources */,
				A7F0AB5B1BF561E300D8CADC /* SocketAckEmitter.swift in Sources */,
				A7F0AB671BF561E300D8CADC /* SocketLogger.swift in Sources */,
				A7F0AB1C1BF55FDE00D8CADC /* ViewController.swift in Sources */,
				A7F0AB651BF561E300D8CADC /* SocketIOClientOption.swift in Sources */,
				A7F0AB6B1BF561E300D8CADC /* SocketTypes.swift in Sources */,
				A7F0AB681BF561E300D8CADC /* SocketPacket.swift in Sources */,
				A7F0AB1A1BF55FDE00D8CADC /* AppDelegate.swift in Sources */,
			);
			runOnlyForDeploymentPostprocessing = 0;
		};
		A7F0AB261BF55FDE00D8CADC /* Sources */ = {
			isa = PBXSourcesBuildPhase;
			buildActionMask = 2147483647;
			files = (
				A7F0AB2F1BF55FDE00D8CADC /* meanPracTests.swift in Sources */,
			);
			runOnlyForDeploymentPostprocessing = 0;
		};
		A7F0AB311BF55FDE00D8CADC /* Sources */ = {
			isa = PBXSourcesBuildPhase;
			buildActionMask = 2147483647;
			files = (
				A7F0AB3A1BF55FDE00D8CADC /* meanPracUITests.swift in Sources */,
			);
			runOnlyForDeploymentPostprocessing = 0;
		};
/* End PBXSourcesBuildPhase section */

/* Begin PBXTargetDependency section */
		A7F0AB2C1BF55FDE00D8CADC /* PBXTargetDependency */ = {
			isa = PBXTargetDependency;
			target = A7F0AB151BF55FDE00D8CADC /* meanPrac */;
			targetProxy = A7F0AB2B1BF55FDE00D8CADC /* PBXContainerItemProxy */;
		};
		A7F0AB371BF55FDE00D8CADC /* PBXTargetDependency */ = {
			isa = PBXTargetDependency;
			target = A7F0AB151BF55FDE00D8CADC /* meanPrac */;
			targetProxy = A7F0AB361BF55FDE00D8CADC /* PBXContainerItemProxy */;
		};
/* End PBXTargetDependency section */

/* Begin PBXVariantGroup section */
		A7F0AB1D1BF55FDE00D8CADC /* Main.storyboard */ = {
			isa = PBXVariantGroup;
			children = (
				A7F0AB1E1BF55FDE00D8CADC /* Base */,
			);
			name = Main.storyboard;
			sourceTree = "<group>";
		};
		A7F0AB221BF55FDE00D8CADC /* LaunchScreen.storyboard */ = {
			isa = PBXVariantGroup;
			children = (
				A7F0AB231BF55FDE00D8CADC /* Base */,
			);
			name = LaunchScreen.storyboard;
			sourceTree = "<group>";
		};
/* End PBXVariantGroup section */

/* Begin XCBuildConfiguration section */
		A7F0AB3C1BF55FDE00D8CADC /* Debug */ = {
			isa = XCBuildConfiguration;
			buildSettings = {
				ALWAYS_SEARCH_USER_PATHS = NO;
				CLANG_CXX_LANGUAGE_STANDARD = "gnu++0x";
				CLANG_CXX_LIBRARY = "libc++";
				CLANG_ENABLE_MODULES = YES;
				CLANG_ENABLE_OBJC_ARC = YES;
				CLANG_WARN_BOOL_CONVERSION = YES;
				CLANG_WARN_CONSTANT_CONVERSION = YES;
				CLANG_WARN_DIRECT_OBJC_ISA_USAGE = YES_ERROR;
				CLANG_WARN_EMPTY_BODY = YES;
				CLANG_WARN_ENUM_CONVERSION = YES;
				CLANG_WARN_INT_CONVERSION = YES;
				CLANG_WARN_OBJC_ROOT_CLASS = YES_ERROR;
				CLANG_WARN_UNREACHABLE_CODE = YES;
				CLANG_WARN__DUPLICATE_METHOD_MATCH = YES;
				"CODE_SIGN_IDENTITY[sdk=iphoneos*]" = "iPhone Developer";
				COPY_PHASE_STRIP = NO;
				DEBUG_INFORMATION_FORMAT = dwarf;
				ENABLE_STRICT_OBJC_MSGSEND = YES;
				ENABLE_TESTABILITY = YES;
				GCC_C_LANGUAGE_STANDARD = gnu99;
				GCC_DYNAMIC_NO_PIC = NO;
				GCC_NO_COMMON_BLOCKS = YES;
				GCC_OPTIMIZATION_LEVEL = 0;
				GCC_PREPROCESSOR_DEFINITIONS = (
					"DEBUG=1",
					"$(inherited)",
				);
				GCC_WARN_64_TO_32_BIT_CONVERSION = YES;
				GCC_WARN_ABOUT_RETURN_TYPE = YES_ERROR;
				GCC_WARN_UNDECLARED_SELECTOR = YES;
				GCC_WARN_UNINITIALIZED_AUTOS = YES_AGGRESSIVE;
				GCC_WARN_UNUSED_FUNCTION = YES;
				GCC_WARN_UNUSED_VARIABLE = YES;
				IPHONEOS_DEPLOYMENT_TARGET = 9.1;
				MTL_ENABLE_DEBUG_INFO = YES;
				ONLY_ACTIVE_ARCH = YES;
				SDKROOT = iphoneos;
				SWIFT_OPTIMIZATION_LEVEL = "-Onone";
				TARGETED_DEVICE_FAMILY = "1,2";
			};
			name = Debug;
		};
		A7F0AB3D1BF55FDE00D8CADC /* Release */ = {
			isa = XCBuildConfiguration;
			buildSettings = {
				ALWAYS_SEARCH_USER_PATHS = NO;
				CLANG_CXX_LANGUAGE_STANDARD = "gnu++0x";
				CLANG_CXX_LIBRARY = "libc++";
				CLANG_ENABLE_MODULES = YES;
				CLANG_ENABLE_OBJC_ARC = YES;
				CLANG_WARN_BOOL_CONVERSION = YES;
				CLANG_WARN_CONSTANT_CONVERSION = YES;
				CLANG_WARN_DIRECT_OBJC_ISA_USAGE = YES_ERROR;
				CLANG_WARN_EMPTY_BODY = YES;
				CLANG_WARN_ENUM_CONVERSION = YES;
				CLANG_WARN_INT_CONVERSION = YES;
				CLANG_WARN_OBJC_ROOT_CLASS = YES_ERROR;
				CLANG_WARN_UNREACHABLE_CODE = YES;
				CLANG_WARN__DUPLICATE_METHOD_MATCH = YES;
				"CODE_SIGN_IDENTITY[sdk=iphoneos*]" = "iPhone Developer";
				COPY_PHASE_STRIP = NO;
				DEBUG_INFORMATION_FORMAT = "dwarf-with-dsym";
				ENABLE_NS_ASSERTIONS = NO;
				ENABLE_STRICT_OBJC_MSGSEND = YES;
				GCC_C_LANGUAGE_STANDARD = gnu99;
				GCC_NO_COMMON_BLOCKS = YES;
				GCC_WARN_64_TO_32_BIT_CONVERSION = YES;
				GCC_WARN_ABOUT_RETURN_TYPE = YES_ERROR;
				GCC_WARN_UNDECLARED_SELECTOR = YES;
				GCC_WARN_UNINITIALIZED_AUTOS = YES_AGGRESSIVE;
				GCC_WARN_UNUSED_FUNCTION = YES;
				GCC_WARN_UNUSED_VARIABLE = YES;
				IPHONEOS_DEPLOYMENT_TARGET = 9.1;
				MTL_ENABLE_DEBUG_INFO = NO;
				SDKROOT = iphoneos;
				TARGETED_DEVICE_FAMILY = "1,2";
				VALIDATE_PRODUCT = YES;
			};
			name = Release;
		};
		A7F0AB3F1BF55FDE00D8CADC /* Debug */ = {
			isa = XCBuildConfiguration;
			buildSettings = {
				ASSETCATALOG_COMPILER_APPICON_NAME = AppIcon;
				INFOPLIST_FILE = meanPrac/Info.plist;
				LD_RUNPATH_SEARCH_PATHS = "$(inherited) @executable_path/Frameworks";
				PRODUCT_BUNDLE_IDENTIFIER = com.msn.sungjk.meanPrac;
				PRODUCT_NAME = "$(TARGET_NAME)";
			};
			name = Debug;
		};
		A7F0AB401BF55FDE00D8CADC /* Release */ = {
			isa = XCBuildConfiguration;
			buildSettings = {
				ASSETCATALOG_COMPILER_APPICON_NAME = AppIcon;
				INFOPLIST_FILE = meanPrac/Info.plist;
				LD_RUNPATH_SEARCH_PATHS = "$(inherited) @executable_path/Frameworks";
				PRODUCT_BUNDLE_IDENTIFIER = com.msn.sungjk.meanPrac;
				PRODUCT_NAME = "$(TARGET_NAME)";
			};
			name = Release;
		};
		A7F0AB421BF55FDE00D8CADC /* Debug */ = {
			isa = XCBuildConfiguration;
			buildSettings = {
				BUNDLE_LOADER = "$(TEST_HOST)";
				INFOPLIST_FILE = meanPracTests/Info.plist;
				LD_RUNPATH_SEARCH_PATHS = "$(inherited) @executable_path/Frameworks @loader_path/Frameworks";
				PRODUCT_BUNDLE_IDENTIFIER = com.msn.sungjk.meanPracTests;
				PRODUCT_NAME = "$(TARGET_NAME)";
				TEST_HOST = "$(BUILT_PRODUCTS_DIR)/meanPrac.app/meanPrac";
			};
			name = Debug;
		};
		A7F0AB431BF55FDE00D8CADC /* Release */ = {
			isa = XCBuildConfiguration;
			buildSettings = {
				BUNDLE_LOADER = "$(TEST_HOST)";
				INFOPLIST_FILE = meanPracTests/Info.plist;
				LD_RUNPATH_SEARCH_PATHS = "$(inherited) @executable_path/Frameworks @loader_path/Frameworks";
				PRODUCT_BUNDLE_IDENTIFIER = com.msn.sungjk.meanPracTests;
				PRODUCT_NAME = "$(TARGET_NAME)";
				TEST_HOST = "$(BUILT_PRODUCTS_DIR)/meanPrac.app/meanPrac";
			};
			name = Release;
		};
		A7F0AB451BF55FDE00D8CADC /* Debug */ = {
			isa = XCBuildConfiguration;
			buildSettings = {
				INFOPLIST_FILE = meanPracUITests/Info.plist;
				LD_RUNPATH_SEARCH_PATHS = "$(inherited) @executable_path/Frameworks @loader_path/Frameworks";
				PRODUCT_BUNDLE_IDENTIFIER = com.msn.sungjk.meanPracUITests;
				PRODUCT_NAME = "$(TARGET_NAME)";
				TEST_TARGET_NAME = meanPrac;
				USES_XCTRUNNER = YES;
			};
			name = Debug;
		};
		A7F0AB461BF55FDE00D8CADC /* Release */ = {
			isa = XCBuildConfiguration;
			buildSettings = {
				INFOPLIST_FILE = meanPracUITests/Info.plist;
				LD_RUNPATH_SEARCH_PATHS = "$(inherited) @executable_path/Frameworks @loader_path/Frameworks";
				PRODUCT_BUNDLE_IDENTIFIER = com.msn.sungjk.meanPracUITests;
				PRODUCT_NAME = "$(TARGET_NAME)";
				TEST_TARGET_NAME = meanPrac;
				USES_XCTRUNNER = YES;
			};
			name = Release;
		};
/* End XCBuildConfiguration section */

/* Begin XCConfigurationList section */
		A7F0AB111BF55FDE00D8CADC /* Build configuration list for PBXProject "meanPrac" */ = {
			isa = XCConfigurationList;
			buildConfigurations = (
				A7F0AB3C1BF55FDE00D8CADC /* Debug */,
				A7F0AB3D1BF55FDE00D8CADC /* Release */,
			);
			defaultConfigurationIsVisible = 0;
			defaultConfigurationName = Release;
		};
		A7F0AB3E1BF55FDE00D8CADC /* Build configuration list for PBXNativeTarget "meanPrac" */ = {
			isa = XCConfigurationList;
			buildConfigurations = (
				A7F0AB3F1BF55FDE00D8CADC /* Debug */,
				A7F0AB401BF55FDE00D8CADC /* Release */,
			);
			defaultConfigurationIsVisible = 0;
		};
		A7F0AB411BF55FDE00D8CADC /* Build configuration list for PBXNativeTarget "meanPracTests" */ = {
			isa = XCConfigurationList;
			buildConfigurations = (
				A7F0AB421BF55FDE00D8CADC /* Debug */,
				A7F0AB431BF55FDE00D8CADC /* Release */,
			);
			defaultConfigurationIsVisible = 0;
		};
		A7F0AB441BF55FDE00D8CADC /* Build configuration list for PBXNativeTarget "meanPracUITests" */ = {
			isa = XCConfigurationList;
			buildConfigurations = (
				A7F0AB451BF55FDE00D8CADC /* Debug */,
				A7F0AB461BF55FDE00D8CADC /* Release */,
			);
			defaultConfigurationIsVisible = 0;
		};
/* End XCConfigurationList section */
	};
	rootObject = A7F0AB0E1BF55FDE00D8CADC /* Project object */;
}
